
Microsoft Visual Studio Solution File, Format Version 12.00
# Visual Studio Version 17
VisualStudioVersion = 17.9.34616.47
MinimumVisualStudioVersion = 10.0.40219.1
Project("{8BC9CEB8-8B4A-11D0-8D11-00A0C91BC942}") = "GameSDL2", "GameSDL2\GameSDL2.vcxproj", "{32BF22AA-823A-4016-84E7-BDE8F4E1F126}"
EndProject
Global
	GlobalSection(SolutionConfigurationPlatforms) = preSolution
		Debug|x64 = Debug|x64
		Debug|x86 = Debug|x86
		Release|x64 = Release|x64
		Release|x86 = Release|x86
	EndGlobalSection
	GlobalSection(ProjectConfigurationPlatforms) = postSolution
		{32BF22AA-823A-4016-84E7-BDE8F4E1F126}.Debug|x64.ActiveCfg = Debug|x64
		{32BF22AA-823A-4016-84E7-BDE8F4E1F126}.Debug|x64.Build.0 = Debug|x64
		{32BF22AA-823A-4016-84E7-BDE8F4E1F126}.Debug|x86.ActiveCfg = Debug|Win32
		{32BF22AA-823A-4016-84E7-BDE8F4E1F126}.Debug|x86.Build.0 = Debug|Win32
		{32BF22AA-823A-4016-84E7-BDE8F4E1F126}.Release|x64.ActiveCfg = Release|x64
		{32BF22AA-823A-4016-84E7-BDE8F4E1F126}.Release|x64.Build.0 = Release|x64
		{32BF22AA-823A-4016-84E7-BDE8F4E1F126}.Release|x86.ActiveCfg = Release|Win32
		{32BF22AA-823A-4016-84E7-BDE8F4E1F126}.Release|x86.Build.0 = Release|Win32
	EndGlobalSection
	GlobalSection(SolutionProperties) = preSolution
		HideSolutionNode = FALSE
	EndGlobalSection
	GlobalSection(ExtensibilityGlobals) = postSolution
		SolutionGuid = {68ED8961-1735-4094-A692-7FE8D6D95984}
	EndGlobalSection
EndGlobal
